// !$*UTF8*$!
{
	archiveVersion = 1;
	classes = {
	};
	objectVersion = 60;
	objects = {

/* Begin PBXBuildFile section */
		2E0B91EB2B2A85BE005BB6FA /* quizData.json in Resources */ = {isa = PBXBuildFile; fileRef = 2E0B91EA2B2A85BE005BB6FA /* quizData.json */; };
		2E3165862B2BB48A009043CF /* Quiz.swift in Sources */ = {isa = PBXBuildFile; fileRef = 2E3165852B2BB48A009043CF /* Quiz.swift */; };
		2E31658C2B2BB7CF009043CF /* QuizViewModel.swift in Sources */ = {isa = PBXBuildFile; fileRef = 2E31658B2B2BB7CF009043CF /* QuizViewModel.swift */; };
		2E31658E2B2BC401009043CF /* QuizModels.swift in Sources */ = {isa = PBXBuildFile; fileRef = 2E31658D2B2BC401009043CF /* QuizModels.swift */; };
		2E3165902B2BCF72009043CF /* QuizCoordinator.swift in Sources */ = {isa = PBXBuildFile; fileRef = 2E31658F2B2BCF72009043CF /* QuizCoordinator.swift */; };
		2E3165982B2BD105009043CF /* CoordinatorProtocol.swift in Sources */ = {isa = PBXBuildFile; fileRef = 2E3165972B2BD105009043CF /* CoordinatorProtocol.swift */; };
		2E31659B2B2BD173009043CF /* QuizFactory.swift in Sources */ = {isa = PBXBuildFile; fileRef = 2E31659A2B2BD173009043CF /* QuizFactory.swift */; };
		2E31659E2B2BD45A009043CF /* NavigationServices.swift in Sources */ = {isa = PBXBuildFile; fileRef = 2E31659D2B2BD45A009043CF /* NavigationServices.swift */; };
		2E3165A02B2BD49D009043CF /* NavigationServicesProtocol.swift in Sources */ = {isa = PBXBuildFile; fileRef = 2E31659F2B2BD49D009043CF /* NavigationServicesProtocol.swift */; };
		2EA2A93F2B31C1F800955ED4 /* QuizButton.swift in Sources */ = {isa = PBXBuildFile; fileRef = 2EA2A93E2B31C1F800955ED4 /* QuizButton.swift */; };
		2EA2A9422B31C36100955ED4 /* UIControlEx.swift in Sources */ = {isa = PBXBuildFile; fileRef = 2EA2A9412B31C36100955ED4 /* UIControlEx.swift */; };
		2EA2A9452B31D33600955ED4 /* UIStackViewEx.swift in Sources */ = {isa = PBXBuildFile; fileRef = 2EA2A9442B31D33600955ED4 /* UIStackViewEx.swift */; };
		2EA2A9482B31EE6200955ED4 /* Theme.swift in Sources */ = {isa = PBXBuildFile; fileRef = 2EA2A9472B31EE6200955ED4 /* Theme.swift */; };
		2EA2A94C2B3210CD00955ED4 /* ThemeEx.swift in Sources */ = {isa = PBXBuildFile; fileRef = 2EA2A94B2B3210CD00955ED4 /* ThemeEx.swift */; };
		2EA453962B4995FC0041BB1D /* QuizCoordinatorProtocol.swift in Sources */ = {isa = PBXBuildFile; fileRef = 2EA453952B4995FC0041BB1D /* QuizCoordinatorProtocol.swift */; };
		2EBE3B5D2B48C82A00CFE5B9 /* MainTabBarCoordinator.swift in Sources */ = {isa = PBXBuildFile; fileRef = 2EBE3B5C2B48C82A00CFE5B9 /* MainTabBarCoordinator.swift */; };
		2EBE3B5F2B48C84100CFE5B9 /* DeepLinkCoordinatorProtocol.swift in Sources */ = {isa = PBXBuildFile; fileRef = 2EBE3B5E2B48C84100CFE5B9 /* DeepLinkCoordinatorProtocol.swift */; };
		2EBE3B612B48C85000CFE5B9 /* DeepLinkCoordinator.swift in Sources */ = {isa = PBXBuildFile; fileRef = 2EBE3B602B48C85000CFE5B9 /* DeepLinkCoordinator.swift */; };
		2EBE3B642B48C88100CFE5B9 /* HomeViewController.swift in Sources */ = {isa = PBXBuildFile; fileRef = 2EBE3B632B48C88100CFE5B9 /* HomeViewController.swift */; };
		2EBE3B672B48C8A700CFE5B9 /* Home2ViewController.swift in Sources */ = {isa = PBXBuildFile; fileRef = 2EBE3B662B48C8A700CFE5B9 /* Home2ViewController.swift */; };
		2EBE3B6A2B48C8CF00CFE5B9 /* HomeCoordinatorProtocol.swift in Sources */ = {isa = PBXBuildFile; fileRef = 2EBE3B692B48C8CF00CFE5B9 /* HomeCoordinatorProtocol.swift */; };
		2EBE3B6C2B48C8E300CFE5B9 /* HomeCoordinator.swift in Sources */ = {isa = PBXBuildFile; fileRef = 2EBE3B6B2B48C8E300CFE5B9 /* HomeCoordinator.swift */; };
		2EBE3B6F2B48C95300CFE5B9 /* OrdersViewController.swift in Sources */ = {isa = PBXBuildFile; fileRef = 2EBE3B6E2B48C95300CFE5B9 /* OrdersViewController.swift */; };
		2EBE3B722B48C97800CFE5B9 /* Orders2ViewController.swift in Sources */ = {isa = PBXBuildFile; fileRef = 2EBE3B712B48C97800CFE5B9 /* Orders2ViewController.swift */; };
		2EBE3B742B48C98800CFE5B9 /* Orders3ViewController.swift in Sources */ = {isa = PBXBuildFile; fileRef = 2EBE3B732B48C98800CFE5B9 /* Orders3ViewController.swift */; };
		2EBE3B792B48C9D300CFE5B9 /* OrdersCoordinatorProtocol.swift in Sources */ = {isa = PBXBuildFile; fileRef = 2EBE3B782B48C9D300CFE5B9 /* OrdersCoordinatorProtocol.swift */; };
		2EBE3B7B2B48C9DD00CFE5B9 /* OrdersCoordinator.swift in Sources */ = {isa = PBXBuildFile; fileRef = 2EBE3B7A2B48C9DD00CFE5B9 /* OrdersCoordinator.swift */; };
		2ECA8F5C2B3510A700E96250 /* MainTabBarCoordinatorProtocol.swift in Sources */ = {isa = PBXBuildFile; fileRef = 2ECA8F5B2B3510A700E96250 /* MainTabBarCoordinatorProtocol.swift */; };
		2EDE37E32B32683F009B7C1C /* ArrayEx.swift in Sources */ = {isa = PBXBuildFile; fileRef = 2EDE37E22B32683F009B7C1C /* ArrayEx.swift */; };
		2EDE37E62B327689009B7C1C /* QuizAlertService.swift in Sources */ = {isa = PBXBuildFile; fileRef = 2EDE37E52B327689009B7C1C /* QuizAlertService.swift */; };
		2EDE37EA2B327AF2009B7C1C /* AlertHelper.swift in Sources */ = {isa = PBXBuildFile; fileRef = 2EDE37E92B327AF2009B7C1C /* AlertHelper.swift */; };
		2EDE37EC2B327E12009B7C1C /* UIApplicationEx.swift in Sources */ = {isa = PBXBuildFile; fileRef = 2EDE37EB2B327E12009B7C1C /* UIApplicationEx.swift */; };
		2EF07FC12B292B17002DAA9F /* AppDelegate.swift in Sources */ = {isa = PBXBuildFile; fileRef = 2EF07FC02B292B17002DAA9F /* AppDelegate.swift */; };
		2EF07FC32B292B17002DAA9F /* SceneDelegate.swift in Sources */ = {isa = PBXBuildFile; fileRef = 2EF07FC22B292B17002DAA9F /* SceneDelegate.swift */; };
		2EF07FC52B292B17002DAA9F /* QuizViewController.swift in Sources */ = {isa = PBXBuildFile; fileRef = 2EF07FC42B292B17002DAA9F /* QuizViewController.swift */; };
		2EF07FCA2B292B18002DAA9F /* Assets.xcassets in Resources */ = {isa = PBXBuildFile; fileRef = 2EF07FC92B292B18002DAA9F /* Assets.xcassets */; };
		2EF07FCD2B292B18002DAA9F /* LaunchScreen.storyboard in Resources */ = {isa = PBXBuildFile; fileRef = 2EF07FCB2B292B18002DAA9F /* LaunchScreen.storyboard */; };
		2EF129D52B4B0D9D00F33316 /* FlowCoordinatorProtocol.swift in Sources */ = {isa = PBXBuildFile; fileRef = 2EF129D42B4B0D9D00F33316 /* FlowCoordinatorProtocol.swift */; };
		476098DE343573E56AF90A9C /* Pods_GeoPuzzle.framework in Frameworks */ = {isa = PBXBuildFile; fileRef = BB32C8B6ACCD50814034B606 /* Pods_GeoPuzzle.framework */; };
/* End PBXBuildFile section */

/* Begin PBXFileReference section */
		2E0B91EA2B2A85BE005BB6FA /* quizData.json */ = {isa = PBXFileReference; explicitFileType = text.json; path = quizData.json; sourceTree = "<group>"; };
		2E3165852B2BB48A009043CF /* Quiz.swift */ = {isa = PBXFileReference; lastKnownFileType = sourcecode.swift; path = Quiz.swift; sourceTree = "<group>"; };
		2E31658B2B2BB7CF009043CF /* QuizViewModel.swift */ = {isa = PBXFileReference; lastKnownFileType = sourcecode.swift; path = QuizViewModel.swift; sourceTree = "<group>"; };
		2E31658D2B2BC401009043CF /* QuizModels.swift */ = {isa = PBXFileReference; lastKnownFileType = sourcecode.swift; path = QuizModels.swift; sourceTree = "<group>"; };
		2E31658F2B2BCF72009043CF /* QuizCoordinator.swift */ = {isa = PBXFileReference; lastKnownFileType = sourcecode.swift; path = QuizCoordinator.swift; sourceTree = "<group>"; };
		2E3165972B2BD105009043CF /* CoordinatorProtocol.swift */ = {isa = PBXFileReference; lastKnownFileType = sourcecode.swift; path = CoordinatorProtocol.swift; sourceTree = "<group>"; };
		2E31659A2B2BD173009043CF /* QuizFactory.swift */ = {isa = PBXFileReference; lastKnownFileType = sourcecode.swift; path = QuizFactory.swift; sourceTree = "<group>"; };
		2E31659D2B2BD45A009043CF /* NavigationServices.swift */ = {isa = PBXFileReference; lastKnownFileType = sourcecode.swift; path = NavigationServices.swift; sourceTree = "<group>"; };
		2E31659F2B2BD49D009043CF /* NavigationServicesProtocol.swift */ = {isa = PBXFileReference; lastKnownFileType = sourcecode.swift; path = NavigationServicesProtocol.swift; sourceTree = "<group>"; };
		2EA2A93E2B31C1F800955ED4 /* QuizButton.swift */ = {isa = PBXFileReference; lastKnownFileType = sourcecode.swift; path = QuizButton.swift; sourceTree = "<group>"; };
		2EA2A9412B31C36100955ED4 /* UIControlEx.swift */ = {isa = PBXFileReference; lastKnownFileType = sourcecode.swift; path = UIControlEx.swift; sourceTree = "<group>"; };
		2EA2A9442B31D33600955ED4 /* UIStackViewEx.swift */ = {isa = PBXFileReference; lastKnownFileType = sourcecode.swift; path = UIStackViewEx.swift; sourceTree = "<group>"; };
		2EA2A9472B31EE6200955ED4 /* Theme.swift */ = {isa = PBXFileReference; lastKnownFileType = sourcecode.swift; path = Theme.swift; sourceTree = "<group>"; };
		2EA2A94B2B3210CD00955ED4 /* ThemeEx.swift */ = {isa = PBXFileReference; lastKnownFileType = sourcecode.swift; path = ThemeEx.swift; sourceTree = "<group>"; };
		2EA453952B4995FC0041BB1D /* QuizCoordinatorProtocol.swift */ = {isa = PBXFileReference; lastKnownFileType = sourcecode.swift; path = QuizCoordinatorProtocol.swift; sourceTree = "<group>"; };
		2EBE3B5C2B48C82A00CFE5B9 /* MainTabBarCoordinator.swift */ = {isa = PBXFileReference; lastKnownFileType = sourcecode.swift; path = MainTabBarCoordinator.swift; sourceTree = "<group>"; };
		2EBE3B5E2B48C84100CFE5B9 /* DeepLinkCoordinatorProtocol.swift */ = {isa = PBXFileReference; lastKnownFileType = sourcecode.swift; path = DeepLinkCoordinatorProtocol.swift; sourceTree = "<group>"; };
		2EBE3B602B48C85000CFE5B9 /* DeepLinkCoordinator.swift */ = {isa = PBXFileReference; lastKnownFileType = sourcecode.swift; path = DeepLinkCoordinator.swift; sourceTree = "<group>"; };
		2EBE3B632B48C88100CFE5B9 /* HomeViewController.swift */ = {isa = PBXFileReference; lastKnownFileType = sourcecode.swift; path = HomeViewController.swift; sourceTree = "<group>"; };
		2EBE3B662B48C8A700CFE5B9 /* Home2ViewController.swift */ = {isa = PBXFileReference; lastKnownFileType = sourcecode.swift; path = Home2ViewController.swift; sourceTree = "<group>"; };
		2EBE3B692B48C8CF00CFE5B9 /* HomeCoordinatorProtocol.swift */ = {isa = PBXFileReference; lastKnownFileType = sourcecode.swift; path = HomeCoordinatorProtocol.swift; sourceTree = "<group>"; };
		2EBE3B6B2B48C8E300CFE5B9 /* HomeCoordinator.swift */ = {isa = PBXFileReference; lastKnownFileType = sourcecode.swift; path = HomeCoordinator.swift; sourceTree = "<group>"; };
		2EBE3B6E2B48C95300CFE5B9 /* OrdersViewController.swift */ = {isa = PBXFileReference; lastKnownFileType = sourcecode.swift; path = OrdersViewController.swift; sourceTree = "<group>"; };
		2EBE3B712B48C97800CFE5B9 /* Orders2ViewController.swift */ = {isa = PBXFileReference; lastKnownFileType = sourcecode.swift; path = Orders2ViewController.swift; sourceTree = "<group>"; };
		2EBE3B732B48C98800CFE5B9 /* Orders3ViewController.swift */ = {isa = PBXFileReference; lastKnownFileType = sourcecode.swift; path = Orders3ViewController.swift; sourceTree = "<group>"; };
		2EBE3B782B48C9D300CFE5B9 /* OrdersCoordinatorProtocol.swift */ = {isa = PBXFileReference; lastKnownFileType = sourcecode.swift; path = OrdersCoordinatorProtocol.swift; sourceTree = "<group>"; };
		2EBE3B7A2B48C9DD00CFE5B9 /* OrdersCoordinator.swift */ = {isa = PBXFileReference; lastKnownFileType = sourcecode.swift; path = OrdersCoordinator.swift; sourceTree = "<group>"; };
		2ECA8F5B2B3510A700E96250 /* MainTabBarCoordinatorProtocol.swift */ = {isa = PBXFileReference; lastKnownFileType = sourcecode.swift; path = MainTabBarCoordinatorProtocol.swift; sourceTree = "<group>"; };
		2EDE37E22B32683F009B7C1C /* ArrayEx.swift */ = {isa = PBXFileReference; lastKnownFileType = sourcecode.swift; path = ArrayEx.swift; sourceTree = "<group>"; };
		2EDE37E52B327689009B7C1C /* QuizAlertService.swift */ = {isa = PBXFileReference; lastKnownFileType = sourcecode.swift; path = QuizAlertService.swift; sourceTree = "<group>"; };
		2EDE37E92B327AF2009B7C1C /* AlertHelper.swift */ = {isa = PBXFileReference; lastKnownFileType = sourcecode.swift; path = AlertHelper.swift; sourceTree = "<group>"; };
		2EDE37EB2B327E12009B7C1C /* UIApplicationEx.swift */ = {isa = PBXFileReference; lastKnownFileType = sourcecode.swift; path = UIApplicationEx.swift; sourceTree = "<group>"; };
		2EF07FBD2B292B17002DAA9F /* GeoPuzzle.app */ = {isa = PBXFileReference; explicitFileType = wrapper.application; includeInIndex = 0; path = GeoPuzzle.app; sourceTree = BUILT_PRODUCTS_DIR; };
		2EF07FC02B292B17002DAA9F /* AppDelegate.swift */ = {isa = PBXFileReference; lastKnownFileType = sourcecode.swift; path = AppDelegate.swift; sourceTree = "<group>"; };
		2EF07FC22B292B17002DAA9F /* SceneDelegate.swift */ = {isa = PBXFileReference; lastKnownFileType = sourcecode.swift; path = SceneDelegate.swift; sourceTree = "<group>"; };
		2EF07FC42B292B17002DAA9F /* QuizViewController.swift */ = {isa = PBXFileReference; lastKnownFileType = sourcecode.swift; path = QuizViewController.swift; sourceTree = "<group>"; };
		2EF07FC92B292B18002DAA9F /* Assets.xcassets */ = {isa = PBXFileReference; lastKnownFileType = folder.assetcatalog; path = Assets.xcassets; sourceTree = "<group>"; };
		2EF07FCC2B292B18002DAA9F /* Base */ = {isa = PBXFileReference; lastKnownFileType = file.storyboard; name = Base; path = Base.lproj/LaunchScreen.storyboard; sourceTree = "<group>"; };
		2EF07FCE2B292B18002DAA9F /* Info.plist */ = {isa = PBXFileReference; lastKnownFileType = text.plist.xml; path = Info.plist; sourceTree = "<group>"; };
		2EF129D42B4B0D9D00F33316 /* FlowCoordinatorProtocol.swift */ = {isa = PBXFileReference; lastKnownFileType = sourcecode.swift; path = FlowCoordinatorProtocol.swift; sourceTree = "<group>"; };
		A6081E81AF3E60214F04CF52 /* Pods-GeoPuzzle.debug.xcconfig */ = {isa = PBXFileReference; includeInIndex = 1; lastKnownFileType = text.xcconfig; name = "Pods-GeoPuzzle.debug.xcconfig"; path = "Target Support Files/Pods-GeoPuzzle/Pods-GeoPuzzle.debug.xcconfig"; sourceTree = "<group>"; };
		BB32C8B6ACCD50814034B606 /* Pods_GeoPuzzle.framework */ = {isa = PBXFileReference; explicitFileType = wrapper.framework; includeInIndex = 0; path = Pods_GeoPuzzle.framework; sourceTree = BUILT_PRODUCTS_DIR; };
		FD299D87BC9700E4BD0DDBCB /* Pods-GeoPuzzle.release.xcconfig */ = {isa = PBXFileReference; includeInIndex = 1; lastKnownFileType = text.xcconfig; name = "Pods-GeoPuzzle.release.xcconfig"; path = "Target Support Files/Pods-GeoPuzzle/Pods-GeoPuzzle.release.xcconfig"; sourceTree = "<group>"; };
/* End PBXFileReference section */

/* Begin PBXFrameworksBuildPhase section */
		2EF07FBA2B292B16002DAA9F /* Frameworks */ = {
			isa = PBXFrameworksBuildPhase;
			buildActionMask = 2147483647;
			files = (
				476098DE343573E56AF90A9C /* Pods_GeoPuzzle.framework in Frameworks */,
			);
			runOnlyForDeploymentPostprocessing = 0;
		};
/* End PBXFrameworksBuildPhase section */

/* Begin PBXGroup section */
		2E3165832B2BB440009043CF /* Quiz */ = {
			isa = PBXGroup;
			children = (
				2EDE37E42B32767E009B7C1C /* Common */,
				2EA453942B4995E90041BB1D /* Coordinator */,
				2E31659A2B2BD173009043CF /* QuizFactory.swift */,
				2E3165992B2BD127009043CF /* Quiz */,
			);
			path = Quiz;
			sourceTree = "<group>";
		};
		2E3165842B2BB478009043CF /* Models */ = {
			isa = PBXGroup;
			children = (
				2E3165852B2BB48A009043CF /* Quiz.swift */,
			);
			path = Models;
			sourceTree = "<group>";
		};
		2E3165872B2BB4AE009043CF /* App */ = {
			isa = PBXGroup;
			children = (
				2EF07FC02B292B17002DAA9F /* AppDelegate.swift */,
				2EF07FC22B292B17002DAA9F /* SceneDelegate.swift */,
				2EF07FCB2B292B18002DAA9F /* LaunchScreen.storyboard */,
			);
			path = App;
			sourceTree = "<group>";
		};
		2E3165882B2BB4D6009043CF /* Data */ = {
			isa = PBXGroup;
			children = (
				2E0B91EA2B2A85BE005BB6FA /* quizData.json */,
			);
			path = Data;
			sourceTree = "<group>";
		};
		2E3165892B2BB516009043CF /* Resources  */ = {
			isa = PBXGroup;
			children = (
				2EF07FC92B292B18002DAA9F /* Assets.xcassets */,
			);
			path = "Resources ";
			sourceTree = "<group>";
		};
		2E31658A2B2BB606009043CF /* Features */ = {
			isa = PBXGroup;
			children = (
				2ECA8F5A2B35108200E96250 /* MainTabBar */,
				2EBE3B6D2B48C94500CFE5B9 /* Orders */,
				2EBE3B622B48C86B00CFE5B9 /* Home */,
				2E3165832B2BB440009043CF /* Quiz */,
			);
			path = Features;
			sourceTree = "<group>";
		};
		2E3165912B2BCF8B009043CF /* Controller */ = {
			isa = PBXGroup;
			children = (
				2EF07FC42B292B17002DAA9F /* QuizViewController.swift */,
			);
			path = Controller;
			sourceTree = "<group>";
		};
		2E3165922B2BCF9E009043CF /* ViewModel */ = {
			isa = PBXGroup;
			children = (
				2E31658B2B2BB7CF009043CF /* QuizViewModel.swift */,
				2E31658D2B2BC401009043CF /* QuizModels.swift */,
			);
			path = ViewModel;
			sourceTree = "<group>";
		};
		2E3165932B2BD0C6009043CF /* Sources */ = {
			isa = PBXGroup;
			children = (
				2EDE37E72B327AC7009B7C1C /* Common */,
				2EA2A9462B31EE5400955ED4 /* Theme */,
				2EA2A93D2B31BED900955ED4 /* Components */,
				2E31659C2B2BD449009043CF /* Navigation */,
				2E31658A2B2BB606009043CF /* Features */,
			);
			path = Sources;
			sourceTree = "<group>";
		};
		2E3165942B2BD0D0009043CF /* Coordinator */ = {
			isa = PBXGroup;
			children = (
				2EF129D42B4B0D9D00F33316 /* FlowCoordinatorProtocol.swift */,
				2E3165972B2BD105009043CF /* CoordinatorProtocol.swift */,
			);
			path = Coordinator;
			sourceTree = "<group>";
		};
		2E3165992B2BD127009043CF /* Quiz */ = {
			isa = PBXGroup;
			children = (
				2E3165912B2BCF8B009043CF /* Controller */,
				2E3165922B2BCF9E009043CF /* ViewModel */,
			);
			path = Quiz;
			sourceTree = "<group>";
		};
		2E31659C2B2BD449009043CF /* Navigation */ = {
			isa = PBXGroup;
			children = (
				2E31659F2B2BD49D009043CF /* NavigationServicesProtocol.swift */,
				2E31659D2B2BD45A009043CF /* NavigationServices.swift */,
			);
			path = Navigation;
			sourceTree = "<group>";
		};
		2EA2A93D2B31BED900955ED4 /* Components */ = {
			isa = PBXGroup;
			children = (
				2EA2A9402B31C33100955ED4 /* Extensions */,
				2EA2A9432B31C39200955ED4 /* Buttons */,
			);
			path = Components;
			sourceTree = "<group>";
		};
		2EA2A9402B31C33100955ED4 /* Extensions */ = {
			isa = PBXGroup;
			children = (
				2EA2A9412B31C36100955ED4 /* UIControlEx.swift */,
				2EA2A9442B31D33600955ED4 /* UIStackViewEx.swift */,
			);
			path = Extensions;
			sourceTree = "<group>";
		};
		2EA2A9432B31C39200955ED4 /* Buttons */ = {
			isa = PBXGroup;
			children = (
				2EA2A93E2B31C1F800955ED4 /* QuizButton.swift */,
			);
			path = Buttons;
			sourceTree = "<group>";
		};
		2EA2A9462B31EE5400955ED4 /* Theme */ = {
			isa = PBXGroup;
			children = (
				2EA2A9472B31EE6200955ED4 /* Theme.swift */,
				2EA2A94B2B3210CD00955ED4 /* ThemeEx.swift */,
			);
			path = Theme;
			sourceTree = "<group>";
		};
		2EA453942B4995E90041BB1D /* Coordinator */ = {
			isa = PBXGroup;
			children = (
				2EA453952B4995FC0041BB1D /* QuizCoordinatorProtocol.swift */,
				2E31658F2B2BCF72009043CF /* QuizCoordinator.swift */,
			);
			path = Coordinator;
			sourceTree = "<group>";
		};
		2EBE3B622B48C86B00CFE5B9 /* Home */ = {
			isa = PBXGroup;
			children = (
				2EBE3B652B48C89800CFE5B9 /* ViewControllers */,
				2EBE3B682B48C8BB00CFE5B9 /* Coordinator */,
			);
			path = Home;
			sourceTree = "<group>";
		};
		2EBE3B652B48C89800CFE5B9 /* ViewControllers */ = {
			isa = PBXGroup;
			children = (
				2EBE3B632B48C88100CFE5B9 /* HomeViewController.swift */,
				2EBE3B662B48C8A700CFE5B9 /* Home2ViewController.swift */,
			);
			path = ViewControllers;
			sourceTree = "<group>";
		};
		2EBE3B682B48C8BB00CFE5B9 /* Coordinator */ = {
			isa = PBXGroup;
			children = (
				2EBE3B692B48C8CF00CFE5B9 /* HomeCoordinatorProtocol.swift */,
				2EBE3B6B2B48C8E300CFE5B9 /* HomeCoordinator.swift */,
			);
			path = Coordinator;
			sourceTree = "<group>";
		};
		2EBE3B6D2B48C94500CFE5B9 /* Orders */ = {
			isa = PBXGroup;
			children = (
				2EBE3B702B48C96100CFE5B9 /* ViewControllers */,
				2EBE3B752B48C99A00CFE5B9 /* Coordinator */,
			);
			path = Orders;
			sourceTree = "<group>";
		};
		2EBE3B702B48C96100CFE5B9 /* ViewControllers */ = {
			isa = PBXGroup;
			children = (
				2EBE3B6E2B48C95300CFE5B9 /* OrdersViewController.swift */,
				2EBE3B712B48C97800CFE5B9 /* Orders2ViewController.swift */,
				2EBE3B732B48C98800CFE5B9 /* Orders3ViewController.swift */,
			);
			path = ViewControllers;
			sourceTree = "<group>";
		};
		2EBE3B752B48C99A00CFE5B9 /* Coordinator */ = {
			isa = PBXGroup;
			children = (
				2EBE3B782B48C9D300CFE5B9 /* OrdersCoordinatorProtocol.swift */,
				2EBE3B7A2B48C9DD00CFE5B9 /* OrdersCoordinator.swift */,
			);
			path = Coordinator;
			sourceTree = "<group>";
		};
		2ECA8F5A2B35108200E96250 /* MainTabBar */ = {
			isa = PBXGroup;
			children = (
				2ECA8F5B2B3510A700E96250 /* MainTabBarCoordinatorProtocol.swift */,
				2EBE3B5C2B48C82A00CFE5B9 /* MainTabBarCoordinator.swift */,
				2EBE3B5E2B48C84100CFE5B9 /* DeepLinkCoordinatorProtocol.swift */,
				2EBE3B602B48C85000CFE5B9 /* DeepLinkCoordinator.swift */,
			);
			path = MainTabBar;
			sourceTree = "<group>";
		};
		2EDE37E12B326824009B7C1C /* Extensions */ = {
			isa = PBXGroup;
			children = (
				2EDE37E22B32683F009B7C1C /* ArrayEx.swift */,
				2EDE37EB2B327E12009B7C1C /* UIApplicationEx.swift */,
			);
			name = Extensions;
			path = ..;
			sourceTree = "<group>";
		};
		2EDE37E42B32767E009B7C1C /* Common */ = {
			isa = PBXGroup;
			children = (
				2EDE37E52B327689009B7C1C /* QuizAlertService.swift */,
			);
			path = Common;
			sourceTree = "<group>";
		};
		2EDE37E72B327AC7009B7C1C /* Common */ = {
			isa = PBXGroup;
			children = (
				2EDE37E82B327AE7009B7C1C /* Helpers */,
				2E3165942B2BD0D0009043CF /* Coordinator */,
				2EDE37E12B326824009B7C1C /* Extensions */,
			);
			name = Common;
			path = Extensions/Common;
			sourceTree = "<group>";
		};
		2EDE37E82B327AE7009B7C1C /* Helpers */ = {
			isa = PBXGroup;
			children = (
				2EDE37E92B327AF2009B7C1C /* AlertHelper.swift */,
			);
			path = Helpers;
			sourceTree = "<group>";
		};
		2EF07FB42B292B16002DAA9F = {
			isa = PBXGroup;
			children = (
				2EF07FBF2B292B17002DAA9F /* GeoPuzzle */,
				2EF07FBE2B292B17002DAA9F /* Products */,
				ABAE9F5EA855CAEC7E9E6225 /* Pods */,
				F719827F8CBB395A07CF65A1 /* Frameworks */,
			);
			sourceTree = "<group>";
		};
		2EF07FBE2B292B17002DAA9F /* Products */ = {
			isa = PBXGroup;
			children = (
				2EF07FBD2B292B17002DAA9F /* GeoPuzzle.app */,
			);
			name = Products;
			sourceTree = "<group>";
		};
		2EF07FBF2B292B17002DAA9F /* GeoPuzzle */ = {
			isa = PBXGroup;
			children = (
				2EF07FCE2B292B18002DAA9F /* Info.plist */,
				2E3165872B2BB4AE009043CF /* App */,
				2E3165892B2BB516009043CF /* Resources  */,
				2E3165882B2BB4D6009043CF /* Data */,
				2E3165842B2BB478009043CF /* Models */,
				2E3165932B2BD0C6009043CF /* Sources */,
			);
			path = GeoPuzzle;
			sourceTree = "<group>";
		};
		ABAE9F5EA855CAEC7E9E6225 /* Pods */ = {
			isa = PBXGroup;
			children = (
				A6081E81AF3E60214F04CF52 /* Pods-GeoPuzzle.debug.xcconfig */,
				FD299D87BC9700E4BD0DDBCB /* Pods-GeoPuzzle.release.xcconfig */,
			);
			path = Pods;
			sourceTree = "<group>";
		};
		F719827F8CBB395A07CF65A1 /* Frameworks */ = {
			isa = PBXGroup;
			children = (
				BB32C8B6ACCD50814034B606 /* Pods_GeoPuzzle.framework */,
			);
			name = Frameworks;
			sourceTree = "<group>";
		};
/* End PBXGroup section */

/* Begin PBXNativeTarget section */
		2EF07FBC2B292B16002DAA9F /* GeoPuzzle */ = {
			isa = PBXNativeTarget;
			buildConfigurationList = 2EF07FD12B292B18002DAA9F /* Build configuration list for PBXNativeTarget "GeoPuzzle" */;
			buildPhases = (
				8D6678B90A89FEEFBDEDAEAB /* [CP] Check Pods Manifest.lock */,
				2EF07FB92B292B16002DAA9F /* Sources */,
				2EF07FBA2B292B16002DAA9F /* Frameworks */,
				2EF07FBB2B292B16002DAA9F /* Resources */,
				B7CF42AC8B2D78EE852E18FD /* [CP] Embed Pods Frameworks */,
			);
			buildRules = (
			);
			dependencies = (
			);
			name = GeoPuzzle;
			productName = GeoPuzzle;
			productReference = 2EF07FBD2B292B17002DAA9F /* GeoPuzzle.app */;
			productType = "com.apple.product-type.application";
		};
/* End PBXNativeTarget section */

/* Begin PBXProject section */
		2EF07FB52B292B16002DAA9F /* Project object */ = {
			isa = PBXProject;
			attributes = {
				BuildIndependentTargetsInParallel = 1;
				LastSwiftUpdateCheck = 1500;
				LastUpgradeCheck = 1500;
				TargetAttributes = {
					2EF07FBC2B292B16002DAA9F = {
						CreatedOnToolsVersion = 15.0;
					};
				};
			};
			buildConfigurationList = 2EF07FB82B292B16002DAA9F /* Build configuration list for PBXProject "GeoPuzzle" */;
			compatibilityVersion = "Xcode 15.0";
			developmentRegion = en;
			hasScannedForEncodings = 0;
			knownRegions = (
				en,
				Base,
			);
			mainGroup = 2EF07FB42B292B16002DAA9F;
			productRefGroup = 2EF07FBE2B292B17002DAA9F /* Products */;
			projectDirPath = "";
			projectRoot = "";
			targets = (
				2EF07FBC2B292B16002DAA9F /* GeoPuzzle */,
			);
		};
/* End PBXProject section */

/* Begin PBXResourcesBuildPhase section */
		2EF07FBB2B292B16002DAA9F /* Resources */ = {
			isa = PBXResourcesBuildPhase;
			buildActionMask = 2147483647;
			files = (
				2EF07FCD2B292B18002DAA9F /* LaunchScreen.storyboard in Resources */,
				2E0B91EB2B2A85BE005BB6FA /* quizData.json in Resources */,
				2EF07FCA2B292B18002DAA9F /* Assets.xcassets in Resources */,
			);
			runOnlyForDeploymentPostprocessing = 0;
		};
/* End PBXResourcesBuildPhase section */

/* Begin PBXShellScriptBuildPhase section */
		8D6678B90A89FEEFBDEDAEAB /* [CP] Check Pods Manifest.lock */ = {
			isa = PBXShellScriptBuildPhase;
			buildActionMask = 2147483647;
			files = (
			);
			inputFileListPaths = (
			);
			inputPaths = (
				"${PODS_PODFILE_DIR_PATH}/Podfile.lock",
				"${PODS_ROOT}/Manifest.lock",
			);
			name = "[CP] Check Pods Manifest.lock";
			outputFileListPaths = (
			);
			outputPaths = (
				"$(DERIVED_FILE_DIR)/Pods-GeoPuzzle-checkManifestLockResult.txt",
			);
			runOnlyForDeploymentPostprocessing = 0;
			shellPath = /bin/sh;
			shellScript = "diff \"${PODS_PODFILE_DIR_PATH}/Podfile.lock\" \"${PODS_ROOT}/Manifest.lock\" > /dev/null\nif [ $? != 0 ] ; then\n    # print error to STDERR\n    echo \"error: The sandbox is not in sync with the Podfile.lock. Run 'pod install' or update your CocoaPods installation.\" >&2\n    exit 1\nfi\n# This output is used by Xcode 'outputs' to avoid re-running this script phase.\necho \"SUCCESS\" > \"${SCRIPT_OUTPUT_FILE_0}\"\n";
			showEnvVarsInLog = 0;
		};
		B7CF42AC8B2D78EE852E18FD /* [CP] Embed Pods Frameworks */ = {
			isa = PBXShellScriptBuildPhase;
			buildActionMask = 2147483647;
			files = (
			);
			inputFileListPaths = (
				"${PODS_ROOT}/Target Support Files/Pods-GeoPuzzle/Pods-GeoPuzzle-frameworks-${CONFIGURATION}-input-files.xcfilelist",
			);
			name = "[CP] Embed Pods Frameworks";
			outputFileListPaths = (
				"${PODS_ROOT}/Target Support Files/Pods-GeoPuzzle/Pods-GeoPuzzle-frameworks-${CONFIGURATION}-output-files.xcfilelist",
			);
			runOnlyForDeploymentPostprocessing = 0;
			shellPath = /bin/sh;
			shellScript = "\"${PODS_ROOT}/Target Support Files/Pods-GeoPuzzle/Pods-GeoPuzzle-frameworks.sh\"\n";
			showEnvVarsInLog = 0;
		};
/* End PBXShellScriptBuildPhase section */

/* Begin PBXSourcesBuildPhase section */
		2EF07FB92B292B16002DAA9F /* Sources */ = {
			isa = PBXSourcesBuildPhase;
			buildActionMask = 2147483647;
			files = (
				2EBE3B5D2B48C82A00CFE5B9 /* MainTabBarCoordinator.swift in Sources */,
				2EBE3B792B48C9D300CFE5B9 /* OrdersCoordinatorProtocol.swift in Sources */,
				2EF129D52B4B0D9D00F33316 /* FlowCoordinatorProtocol.swift in Sources */,
				2EBE3B5F2B48C84100CFE5B9 /* DeepLinkCoordinatorProtocol.swift in Sources */,
				2EF07FC52B292B17002DAA9F /* QuizViewController.swift in Sources */,
				2EF07FC12B292B17002DAA9F /* AppDelegate.swift in Sources */,
				2E31658E2B2BC401009043CF /* QuizModels.swift in Sources */,
				2EA453962B4995FC0041BB1D /* QuizCoordinatorProtocol.swift in Sources */,
				2E3165862B2BB48A009043CF /* Quiz.swift in Sources */,
				2EDE37E62B327689009B7C1C /* QuizAlertService.swift in Sources */,
				2E3165982B2BD105009043CF /* CoordinatorProtocol.swift in Sources */,
				2EA2A94C2B3210CD00955ED4 /* ThemeEx.swift in Sources */,
				2EBE3B7B2B48C9DD00CFE5B9 /* OrdersCoordinator.swift in Sources */,
				2EBE3B6A2B48C8CF00CFE5B9 /* HomeCoordinatorProtocol.swift in Sources */,
				2EDE37EA2B327AF2009B7C1C /* AlertHelper.swift in Sources */,
				2EA2A9422B31C36100955ED4 /* UIControlEx.swift in Sources */,
				2EDE37EC2B327E12009B7C1C /* UIApplicationEx.swift in Sources */,
				2E31658C2B2BB7CF009043CF /* QuizViewModel.swift in Sources */,
				2EBE3B642B48C88100CFE5B9 /* HomeViewController.swift in Sources */,
				2EBE3B612B48C85000CFE5B9 /* DeepLinkCoordinator.swift in Sources */,
				2EBE3B6C2B48C8E300CFE5B9 /* HomeCoordinator.swift in Sources */,
				2E31659E2B2BD45A009043CF /* NavigationServices.swift in Sources */,
				2EA2A9482B31EE6200955ED4 /* Theme.swift in Sources */,
				2E31659B2B2BD173009043CF /* QuizFactory.swift in Sources */,
				2EBE3B742B48C98800CFE5B9 /* Orders3ViewController.swift in Sources */,
				2EDE37E32B32683F009B7C1C /* ArrayEx.swift in Sources */,
				2EBE3B722B48C97800CFE5B9 /* Orders2ViewController.swift in Sources */,
				2EA2A93F2B31C1F800955ED4 /* QuizButton.swift in Sources */,
				2EBE3B672B48C8A700CFE5B9 /* Home2ViewController.swift in Sources */,
				2ECA8F5C2B3510A700E96250 /* MainTabBarCoordinatorProtocol.swift in Sources */,
				2EBE3B6F2B48C95300CFE5B9 /* OrdersViewController.swift in Sources */,
				2EF07FC32B292B17002DAA9F /* SceneDelegate.swift in Sources */,
				2EA2A9452B31D33600955ED4 /* UIStackViewEx.swift in Sources */,
				2E3165A02B2BD49D009043CF /* NavigationServicesProtocol.swift in Sources */,
				2E3165902B2BCF72009043CF /* QuizCoordinator.swift in Sources */,
			);
			runOnlyForDeploymentPostprocessing = 0;
		};
/* End PBXSourcesBuildPhase section */

/* Begin PBXVariantGroup section */
		2EF07FCB2B292B18002DAA9F /* LaunchScreen.storyboard */ = {
			isa = PBXVariantGroup;
			children = (
				2EF07FCC2B292B18002DAA9F /* Base */,
			);
			name = LaunchScreen.storyboard;
			sourceTree = "<group>";
		};
/* End PBXVariantGroup section */

/* Begin XCBuildConfiguration section */
		2EF07FCF2B292B18002DAA9F /* Debug */ = {
			isa = XCBuildConfiguration;
			buildSettings = {
				ALWAYS_SEARCH_USER_PATHS = NO;
				ASSETCATALOG_COMPILER_GENERATE_SWIFT_ASSET_SYMBOL_EXTENSIONS = YES;
				CLANG_ANALYZER_NONNULL = YES;
				CLANG_ANALYZER_NUMBER_OBJECT_CONVERSION = YES_AGGRESSIVE;
				CLANG_CXX_LANGUAGE_STANDARD = "gnu++20";
				CLANG_ENABLE_MODULES = YES;
				CLANG_ENABLE_OBJC_ARC = YES;
				CLANG_ENABLE_OBJC_WEAK = YES;
				CLANG_WARN_BLOCK_CAPTURE_AUTORELEASING = YES;
				CLANG_WARN_BOOL_CONVERSION = YES;
				CLANG_WARN_COMMA = YES;
				CLANG_WARN_CONSTANT_CONVERSION = YES;
				CLANG_WARN_DEPRECATED_OBJC_IMPLEMENTATIONS = YES;
				CLANG_WARN_DIRECT_OBJC_ISA_USAGE = YES_ERROR;
				CLANG_WARN_DOCUMENTATION_COMMENTS = YES;
				CLANG_WARN_EMPTY_BODY = YES;
				CLANG_WARN_ENUM_CONVERSION = YES;
				CLANG_WARN_INFINITE_RECURSION = YES;
				CLANG_WARN_INT_CONVERSION = YES;
				CLANG_WARN_NON_LITERAL_NULL_CONVERSION = YES;
				CLANG_WARN_OBJC_IMPLICIT_RETAIN_SELF = YES;
				CLANG_WARN_OBJC_LITERAL_CONVERSION = YES;
				CLANG_WARN_OBJC_ROOT_CLASS = YES_ERROR;
				CLANG_WARN_QUOTED_INCLUDE_IN_FRAMEWORK_HEADER = YES;
				CLANG_WARN_RANGE_LOOP_ANALYSIS = YES;
				CLANG_WARN_STRICT_PROTOTYPES = YES;
				CLANG_WARN_SUSPICIOUS_MOVE = YES;
				CLANG_WARN_UNGUARDED_AVAILABILITY = YES_AGGRESSIVE;
				CLANG_WARN_UNREACHABLE_CODE = YES;
				CLANG_WARN__DUPLICATE_METHOD_MATCH = YES;
				COPY_PHASE_STRIP = NO;
				DEBUG_INFORMATION_FORMAT = dwarf;
				ENABLE_STRICT_OBJC_MSGSEND = YES;
				ENABLE_TESTABILITY = YES;
				ENABLE_USER_SCRIPT_SANDBOXING = NO;
				GCC_C_LANGUAGE_STANDARD = gnu17;
				GCC_DYNAMIC_NO_PIC = NO;
				GCC_NO_COMMON_BLOCKS = YES;
				GCC_OPTIMIZATION_LEVEL = 0;
				GCC_PREPROCESSOR_DEFINITIONS = (
					"DEBUG=1",
					"$(inherited)",
				);
				GCC_WARN_64_TO_32_BIT_CONVERSION = YES;
				GCC_WARN_ABOUT_RETURN_TYPE = YES_ERROR;
				GCC_WARN_UNDECLARED_SELECTOR = YES;
				GCC_WARN_UNINITIALIZED_AUTOS = YES_AGGRESSIVE;
				GCC_WARN_UNUSED_FUNCTION = YES;
				GCC_WARN_UNUSED_VARIABLE = YES;
				IPHONEOS_DEPLOYMENT_TARGET = 17.0;
				LOCALIZATION_PREFERS_STRING_CATALOGS = YES;
				MTL_ENABLE_DEBUG_INFO = INCLUDE_SOURCE;
				MTL_FAST_MATH = YES;
				ONLY_ACTIVE_ARCH = YES;
				SDKROOT = iphoneos;
				SWIFT_ACTIVE_COMPILATION_CONDITIONS = "DEBUG $(inherited)";
				SWIFT_OPTIMIZATION_LEVEL = "-Onone";
			};
			name = Debug;
		};
		2EF07FD02B292B18002DAA9F /* Release */ = {
			isa = XCBuildConfiguration;
			buildSettings = {
				ALWAYS_SEARCH_USER_PATHS = NO;
				ASSETCATALOG_COMPILER_GENERATE_SWIFT_ASSET_SYMBOL_EXTENSIONS = YES;
				CLANG_ANALYZER_NONNULL = YES;
				CLANG_ANALYZER_NUMBER_OBJECT_CONVERSION = YES_AGGRESSIVE;
				CLANG_CXX_LANGUAGE_STANDARD = "gnu++20";
				CLANG_ENABLE_MODULES = YES;
				CLANG_ENABLE_OBJC_ARC = YES;
				CLANG_ENABLE_OBJC_WEAK = YES;
				CLANG_WARN_BLOCK_CAPTURE_AUTORELEASING = YES;
				CLANG_WARN_BOOL_CONVERSION = YES;
				CLANG_WARN_COMMA = YES;
				CLANG_WARN_CONSTANT_CONVERSION = YES;
				CLANG_WARN_DEPRECATED_OBJC_IMPLEMENTATIONS = YES;
				CLANG_WARN_DIRECT_OBJC_ISA_USAGE = YES_ERROR;
				CLANG_WARN_DOCUMENTATION_COMMENTS = YES;
				CLANG_WARN_EMPTY_BODY = YES;
				CLANG_WARN_ENUM_CONVERSION = YES;
				CLANG_WARN_INFINITE_RECURSION = YES;
				CLANG_WARN_INT_CONVERSION = YES;
				CLANG_WARN_NON_LITERAL_NULL_CONVERSION = YES;
				CLANG_WARN_OBJC_IMPLICIT_RETAIN_SELF = YES;
				CLANG_WARN_OBJC_LITERAL_CONVERSION = YES;
				CLANG_WARN_OBJC_ROOT_CLASS = YES_ERROR;
				CLANG_WARN_QUOTED_INCLUDE_IN_FRAMEWORK_HEADER = YES;
				CLANG_WARN_RANGE_LOOP_ANALYSIS = YES;
				CLANG_WARN_STRICT_PROTOTYPES = YES;
				CLANG_WARN_SUSPICIOUS_MOVE = YES;
				CLANG_WARN_UNGUARDED_AVAILABILITY = YES_AGGRESSIVE;
				CLANG_WARN_UNREACHABLE_CODE = YES;
				CLANG_WARN__DUPLICATE_METHOD_MATCH = YES;
				COPY_PHASE_STRIP = NO;
				DEBUG_INFORMATION_FORMAT = "dwarf-with-dsym";
				ENABLE_NS_ASSERTIONS = NO;
				ENABLE_STRICT_OBJC_MSGSEND = YES;
				ENABLE_USER_SCRIPT_SANDBOXING = NO;
				GCC_C_LANGUAGE_STANDARD = gnu17;
				GCC_NO_COMMON_BLOCKS = YES;
				GCC_WARN_64_TO_32_BIT_CONVERSION = YES;
				GCC_WARN_ABOUT_RETURN_TYPE = YES_ERROR;
				GCC_WARN_UNDECLARED_SELECTOR = YES;
				GCC_WARN_UNINITIALIZED_AUTOS = YES_AGGRESSIVE;
				GCC_WARN_UNUSED_FUNCTION = YES;
				GCC_WARN_UNUSED_VARIABLE = YES;
				IPHONEOS_DEPLOYMENT_TARGET = 17.0;
				LOCALIZATION_PREFERS_STRING_CATALOGS = YES;
				MTL_ENABLE_DEBUG_INFO = NO;
				MTL_FAST_MATH = YES;
				SDKROOT = iphoneos;
				SWIFT_COMPILATION_MODE = wholemodule;
				VALIDATE_PRODUCT = YES;
			};
			name = Release;
		};
		2EF07FD22B292B18002DAA9F /* Debug */ = {
			isa = XCBuildConfiguration;
			baseConfigurationReference = A6081E81AF3E60214F04CF52 /* Pods-GeoPuzzle.debug.xcconfig */;
			buildSettings = {
				ASSETCATALOG_COMPILER_APPICON_NAME = AppIcon;
				ASSETCATALOG_COMPILER_GLOBAL_ACCENT_COLOR_NAME = AccentColor;
				CODE_SIGN_STYLE = Automatic;
				CURRENT_PROJECT_VERSION = 1;
				DEVELOPMENT_TEAM = SM9FM2765B;
				GENERATE_INFOPLIST_FILE = YES;
				INFOPLIST_FILE = GeoPuzzle/Info.plist;
				INFOPLIST_KEY_UIApplicationSupportsIndirectInputEvents = YES;
				INFOPLIST_KEY_UILaunchStoryboardName = LaunchScreen;
				INFOPLIST_KEY_UISupportedInterfaceOrientations_iPad = "UIInterfaceOrientationPortrait UIInterfaceOrientationPortraitUpsideDown UIInterfaceOrientationLandscapeLeft UIInterfaceOrientationLandscapeRight";
				INFOPLIST_KEY_UISupportedInterfaceOrientations_iPhone = "UIInterfaceOrientationPortrait UIInterfaceOrientationLandscapeLeft UIInterfaceOrientationLandscapeRight";
				LD_RUNPATH_SEARCH_PATHS = (
					"$(inherited)",
					"@executable_path/Frameworks",
				);
				MARKETING_VERSION = 1.0;
				PRODUCT_BUNDLE_IDENTIFIER = com.infoBox.GeoPuzzle;
				PRODUCT_NAME = "$(TARGET_NAME)";
				SWIFT_EMIT_LOC_STRINGS = YES;
				SWIFT_VERSION = 5.0;
				TARGETED_DEVICE_FAMILY = "1,2";
			};
			name = Debug;
		};
		2EF07FD32B292B18002DAA9F /* Release */ = {
			isa = XCBuildConfiguration;
			baseConfigurationReference = FD299D87BC9700E4BD0DDBCB /* Pods-GeoPuzzle.release.xcconfig */;
			buildSettings = {
				ASSETCATALOG_COMPILER_APPICON_NAME = AppIcon;
				ASSETCATALOG_COMPILER_GLOBAL_ACCENT_COLOR_NAME = AccentColor;
				CODE_SIGN_STYLE = Automatic;
				CURRENT_PROJECT_VERSION = 1;
				DEVELOPMENT_TEAM = SM9FM2765B;
				GENERATE_INFOPLIST_FILE = YES;
				INFOPLIST_FILE = GeoPuzzle/Info.plist;
				INFOPLIST_KEY_UIApplicationSupportsIndirectInputEvents = YES;
				INFOPLIST_KEY_UILaunchStoryboardName = LaunchScreen;
				INFOPLIST_KEY_UISupportedInterfaceOrientations_iPad = "UIInterfaceOrientationPortrait UIInterfaceOrientationPortraitUpsideDown UIInterfaceOrientationLandscapeLeft UIInterfaceOrientationLandscapeRight";
				INFOPLIST_KEY_UISupportedInterfaceOrientations_iPhone = "UIInterfaceOrientationPortrait UIInterfaceOrientationLandscapeLeft UIInterfaceOrientationLandscapeRight";
				LD_RUNPATH_SEARCH_PATHS = (
					"$(inherited)",
					"@executable_path/Frameworks",
				);
				MARKETING_VERSION = 1.0;
				PRODUCT_BUNDLE_IDENTIFIER = com.infoBox.GeoPuzzle;
				PRODUCT_NAME = "$(TARGET_NAME)";
				SWIFT_EMIT_LOC_STRINGS = YES;
				SWIFT_VERSION = 5.0;
				TARGETED_DEVICE_FAMILY = "1,2";
			};
			name = Release;
		};
/* End XCBuildConfiguration section */

/* Begin XCConfigurationList section */
		2EF07FB82B292B16002DAA9F /* Build configuration list for PBXProject "GeoPuzzle" */ = {
			isa = XCConfigurationList;
			buildConfigurations = (
				2EF07FCF2B292B18002DAA9F /* Debug */,
				2EF07FD02B292B18002DAA9F /* Release */,
			);
			defaultConfigurationIsVisible = 0;
			defaultConfigurationName = Release;
		};
		2EF07FD12B292B18002DAA9F /* Build configuration list for PBXNativeTarget "GeoPuzzle" */ = {
			isa = XCConfigurationList;
			buildConfigurations = (
				2EF07FD22B292B18002DAA9F /* Debug */,
				2EF07FD32B292B18002DAA9F /* Release */,
			);
			defaultConfigurationIsVisible = 0;
			defaultConfigurationName = Release;
		};
/* End XCConfigurationList section */
	};
	rootObject = 2EF07FB52B292B16002DAA9F /* Project object */;
}
